
Microsoft Visual Studio Solution File, Format Version 12.00
# Visual Studio Version 17
VisualStudioVersion = 17.0.31903.59
MinimumVisualStudioVersion = 10.0.40219.1
Project("{2150E333-8FDC-42A3-9474-1A3956D46DE8}") = "backend", "backend", "{1AE8ACA6-933B-BF2A-3671-3E2EAC007D16}"
EndProject
Project("{2150E333-8FDC-42A3-9474-1A3956D46DE8}") = "src", "src", "{0F9113EE-888A-26D2-68B0-4A7D0A2A8745}"
EndProject
Project("{FAE04EC0-301F-11D3-BF4B-00C04F79EFBC}") = "AlmacenCloud.Domain", "backend\src\AlmacenCloud.Domain\AlmacenCloud.Domain.csproj", "{836617D3-6E97-461F-9D91-2480F91F80A2}"
EndProject
Project("{FAE04EC0-301F-11D3-BF4B-00C04F79EFBC}") = "AlmacenCloud.Application", "backend\src\AlmacenCloud.Application\AlmacenCloud.Application.csproj", "{1A0D3B61-2DD4-48C6-9C7A-752CA0C0B7A3}"
EndProject
Project("{FAE04EC0-301F-11D3-BF4B-00C04F79EFBC}") = "AlmacenCloud.Infrastructure", "backend\src\AlmacenCloud.Infrastructure\AlmacenCloud.Infrastructure.csproj", "{18A72755-3B2B-460C-A6F7-27AA3FFA8E45}"
EndProject
Project("{FAE04EC0-301F-11D3-BF4B-00C04F79EFBC}") = "AlmacenCloud.API", "backend\src\AlmacenCloud.API\AlmacenCloud.API.csproj", "{DE02D9DD-2FAE-4806-8FEB-3D2F9FB9A119}"
EndProject
Project("{2150E333-8FDC-42A3-9474-1A3956D46DE8}") = "tests", "tests", "{F57642F3-C37C-D174-720E-6A6AAD5BEE22}"
EndProject
Project("{FAE04EC0-301F-11D3-BF4B-00C04F79EFBC}") = "AlmacenCloud.Domain.Tests", "backend\tests\AlmacenCloud.Domain.Tests\AlmacenCloud.Domain.Tests.csproj", "{4C22306D-C586-4CB3-9FD2-2784D402BE14}"
EndProject
Project("{FAE04EC0-301F-11D3-BF4B-00C04F79EFBC}") = "AlmacenCloud.Application.Tests", "backend\tests\AlmacenCloud.Application.Tests\AlmacenCloud.Application.Tests.csproj", "{6F4DE561-0407-4C09-A959-AA61AAB1D101}"
EndProject
Project("{FAE04EC0-301F-11D3-BF4B-00C04F79EFBC}") = "AlmacenCloud.IntegrationTests", "backend\tests\AlmacenCloud.IntegrationTests\AlmacenCloud.IntegrationTests.csproj", "{3660389B-7185-4595-8D68-F7296273B609}"
EndProject
Global
	GlobalSection(SolutionConfigurationPlatforms) = preSolution
		Debug|Any CPU = Debug|Any CPU
		Debug|x64 = Debug|x64
		Debug|x86 = Debug|x86
		Release|Any CPU = Release|Any CPU
		Release|x64 = Release|x64
		Release|x86 = Release|x86
	EndGlobalSection
	GlobalSection(ProjectConfigurationPlatforms) = postSolution
		{836617D3-6E97-461F-9D91-2480F91F80A2}.Debug|Any CPU.ActiveCfg = Debug|Any CPU
		{836617D3-6E97-461F-9D91-2480F91F80A2}.Debug|Any CPU.Build.0 = Debug|Any CPU
		{836617D3-6E97-461F-9D91-2480F91F80A2}.Debug|x64.ActiveCfg = Debug|Any CPU
		{836617D3-6E97-461F-9D91-2480F91F80A2}.Debug|x64.Build.0 = Debug|Any CPU
		{836617D3-6E97-461F-9D91-2480F91F80A2}.Debug|x86.ActiveCfg = Debug|Any CPU
		{836617D3-6E97-461F-9D91-2480F91F80A2}.Debug|x86.Build.0 = Debug|Any CPU
		{836617D3-6E97-461F-9D91-2480F91F80A2}.Release|Any CPU.ActiveCfg = Release|Any CPU
		{836617D3-6E97-461F-9D91-2480F91F80A2}.Release|Any CPU.Build.0 = Release|Any CPU
		{836617D3-6E97-461F-9D91-2480F91F80A2}.Release|x64.ActiveCfg = Release|Any CPU
		{836617D3-6E97-461F-9D91-2480F91F80A2}.Release|x64.Build.0 = Release|Any CPU
		{836617D3-6E97-461F-9D91-2480F91F80A2}.Release|x86.ActiveCfg = Release|Any CPU
		{836617D3-6E97-461F-9D91-2480F91F80A2}.Release|x86.Build.0 = Release|Any CPU
		{1A0D3B61-2DD4-48C6-9C7A-752CA0C0B7A3}.Debug|Any CPU.ActiveCfg = Debug|Any CPU
		{1A0D3B61-2DD4-48C6-9C7A-752CA0C0B7A3}.Debug|Any CPU.Build.0 = Debug|Any CPU
		{1A0D3B61-2DD4-48C6-9C7A-752CA0C0B7A3}.Debug|x64.ActiveCfg = Debug|Any CPU
		{1A0D3B61-2DD4-48C6-9C7A-752CA0C0B7A3}.Debug|x64.Build.0 = Debug|Any CPU
		{1A0D3B61-2DD4-48C6-9C7A-752CA0C0B7A3}.Debug|x86.ActiveCfg = Debug|Any CPU
		{1A0D3B61-2DD4-48C6-9C7A-752CA0C0B7A3}.Debug|x86.Build.0 = Debug|Any CPU
		{1A0D3B61-2DD4-48C6-9C7A-752CA0C0B7A3}.Release|Any CPU.ActiveCfg = Release|Any CPU
		{1A0D3B61-2DD4-48C6-9C7A-752CA0C0B7A3}.Release|Any CPU.Build.0 = Release|Any CPU
		{1A0D3B61-2DD4-48C6-9C7A-752CA0C0B7A3}.Release|x64.ActiveCfg = Release|Any CPU
		{1A0D3B61-2DD4-48C6-9C7A-752CA0C0B7A3}.Release|x64.Build.0 = Release|Any CPU
		{1A0D3B61-2DD4-48C6-9C7A-752CA0C0B7A3}.Release|x86.ActiveCfg = Release|Any CPU
		{1A0D3B61-2DD4-48C6-9C7A-752CA0C0B7A3}.Release|x86.Build.0 = Release|Any CPU
		{18A72755-3B2B-460C-A6F7-27AA3FFA8E45}.Debug|Any CPU.ActiveCfg = Debug|Any CPU
		{18A72755-3B2B-460C-A6F7-27AA3FFA8E45}.Debug|Any CPU.Build.0 = Debug|Any CPU
		{18A72755-3B2B-460C-A6F7-27AA3FFA8E45}.Debug|x64.ActiveCfg = Debug|Any CPU
		{18A72755-3B2B-460C-A6F7-27AA3FFA8E45}.Debug|x64.Build.0 = Debug|Any CPU
		{18A72755-3B2B-460C-A6F7-27AA3FFA8E45}.Debug|x86.ActiveCfg = Debug|Any CPU
		{18A72755-3B2B-460C-A6F7-27AA3FFA8E45}.Debug|x86.Build.0 = Debug|Any CPU
		{18A72755-3B2B-460C-A6F7-27AA3FFA8E45}.Release|Any CPU.ActiveCfg = Release|Any CPU
		{18A72755-3B2B-460C-A6F7-27AA3FFA8E45}.Release|Any CPU.Build.0 = Release|Any CPU
		{18A72755-3B2B-460C-A6F7-27AA3FFA8E45}.Release|x64.ActiveCfg = Release|Any CPU
		{18A72755-3B2B-460C-A6F7-27AA3FFA8E45}.Release|x64.Build.0 = Release|Any CPU
		{18A72755-3B2B-460C-A6F7-27AA3FFA8E45}.Release|x86.ActiveCfg = Release|Any CPU
		{18A72755-3B2B-460C-A6F7-27AA3FFA8E45}.Release|x86.Build.0 = Release|Any CPU
		{DE02D9DD-2FAE-4806-8FEB-3D2F9FB9A119}.Debug|Any CPU.ActiveCfg = Debug|Any CPU
		{DE02D9DD-2FAE-4806-8FEB-3D2F9FB9A119}.Debug|Any CPU.Build.0 = Debug|Any CPU
		{DE02D9DD-2FAE-4806-8FEB-3D2F9FB9A119}.Debug|x64.ActiveCfg = Debug|Any CPU
		{DE02D9DD-2FAE-4806-8FEB-3D2F9FB9A119}.Debug|x64.Build.0 = Debug|Any CPU
		{DE02D9DD-2FAE-4806-8FEB-3D2F9FB9A119}.Debug|x86.ActiveCfg = Debug|Any CPU
		{DE02D9DD-2FAE-4806-8FEB-3D2F9FB9A119}.Debug|x86.Build.0 = Debug|Any CPU
		{DE02D9DD-2FAE-4806-8FEB-3D2F9FB9A119}.Release|Any CPU.ActiveCfg = Release|Any CPU
		{DE02D9DD-2FAE-4806-8FEB-3D2F9FB9A119}.Release|Any CPU.Build.0 = Release|Any CPU
		{DE02D9DD-2FAE-4806-8FEB-3D2F9FB9A119}.Release|x64.ActiveCfg = Release|Any CPU
		{DE02D9DD-2FAE-4806-8FEB-3D2F9FB9A119}.Release|x64.Build.0 = Release|Any CPU
		{DE02D9DD-2FAE-4806-8FEB-3D2F9FB9A119}.Release|x86.ActiveCfg = Release|Any CPU
		{DE02D9DD-2FAE-4806-8FEB-3D2F9FB9A119}.Release|x86.Build.0 = Release|Any CPU
		{4C22306D-C586-4CB3-9FD2-2784D402BE14}.Debug|Any CPU.ActiveCfg = Debug|Any CPU
		{4C22306D-C586-4CB3-9FD2-2784D402BE14}.Debug|Any CPU.Build.0 = Debug|Any CPU
		{4C22306D-C586-4CB3-9FD2-2784D402BE14}.Debug|x64.ActiveCfg = Debug|Any CPU
		{4C22306D-C586-4CB3-9FD2-2784D402BE14}.Debug|x64.Build.0 = Debug|Any CPU
		{4C22306D-C586-4CB3-9FD2-2784D402BE14}.Debug|x86.ActiveCfg = Debug|Any CPU
		{4C22306D-C586-4CB3-9FD2-2784D402BE14}.Debug|x86.Build.0 = Debug|Any CPU
		{4C22306D-C586-4CB3-9FD2-2784D402BE14}.Release|Any CPU.ActiveCfg = Release|Any CPU
		{4C22306D-C586-4CB3-9FD2-2784D402BE14}.Release|Any CPU.Build.0 = Release|Any CPU
		{4C22306D-C586-4CB3-9FD2-2784D402BE14}.Release|x64.ActiveCfg = Release|Any CPU
		{4C22306D-C586-4CB3-9FD2-2784D402BE14}.Release|x64.Build.0 = Release|Any CPU
		{4C22306D-C586-4CB3-9FD2-2784D402BE14}.Release|x86.ActiveCfg = Release|Any CPU
		{4C22306D-C586-4CB3-9FD2-2784D402BE14}.Release|x86.Build.0 = Release|Any CPU
		{6F4DE561-0407-4C09-A959-AA61AAB1D101}.Debug|Any CPU.ActiveCfg = Debug|Any CPU
		{6F4DE561-0407-4C09-A959-AA61AAB1D101}.Debug|Any CPU.Build.0 = Debug|Any CPU
		{6F4DE561-0407-4C09-A959-AA61AAB1D101}.Debug|x64.ActiveCfg = Debug|Any CPU
		{6F4DE561-0407-4C09-A959-AA61AAB1D101}.Debug|x64.Build.0 = Debug|Any CPU
		{6F4DE561-0407-4C09-A959-AA61AAB1D101}.Debug|x86.ActiveCfg = Debug|Any CPU
		{6F4DE561-0407-4C09-A959-AA61AAB1D101}.Debug|x86.Build.0 = Debug|Any CPU
		{6F4DE561-0407-4C09-A959-AA61AAB1D101}.Release|Any CPU.ActiveCfg = Release|Any CPU
		{6F4DE561-0407-4C09-A959-AA61AAB1D101}.Release|Any CPU.Build.0 = Release|Any CPU
		{6F4DE561-0407-4C09-A959-AA61AAB1D101}.Release|x64.ActiveCfg = Release|Any CPU
		{6F4DE561-0407-4C09-A959-AA61AAB1D101}.Release|x64.Build.0 = Release|Any CPU
		{6F4DE561-0407-4C09-A959-AA61AAB1D101}.Release|x86.ActiveCfg = Release|Any CPU
		{6F4DE561-0407-4C09-A959-AA61AAB1D101}.Release|x86.Build.0 = Release|Any CPU
		{3660389B-7185-4595-8D68-F7296273B609}.Debug|Any CPU.ActiveCfg = Debug|Any CPU
		{3660389B-7185-4595-8D68-F7296273B609}.Debug|Any CPU.Build.0 = Debug|Any CPU
		{3660389B-7185-4595-8D68-F7296273B609}.Debug|x64.ActiveCfg = Debug|Any CPU
		{3660389B-7185-4595-8D68-F7296273B609}.Debug|x64.Build.0 = Debug|Any CPU
		{3660389B-7185-4595-8D68-F7296273B609}.Debug|x86.ActiveCfg = Debug|Any CPU
		{3660389B-7185-4595-8D68-F7296273B609}.Debug|x86.Build.0 = Debug|Any CPU
		{3660389B-7185-4595-8D68-F7296273B609}.Release|Any CPU.ActiveCfg = Release|Any CPU
		{3660389B-7185-4595-8D68-F7296273B609}.Release|Any CPU.Build.0 = Release|Any CPU
		{3660389B-7185-4595-8D68-F7296273B609}.Release|x64.ActiveCfg = Release|Any CPU
		{3660389B-7185-4595-8D68-F7296273B609}.Release|x64.Build.0 = Release|Any CPU
		{3660389B-7185-4595-8D68-F7296273B609}.Release|x86.ActiveCfg = Release|Any CPU
		{3660389B-7185-4595-8D68-F7296273B609}.Release|x86.Build.0 = Release|Any CPU
	EndGlobalSection
	GlobalSection(SolutionProperties) = preSolution
		HideSolutionNode = FALSE
	EndGlobalSection
	GlobalSection(NestedProjects) = preSolution
		{0F9113EE-888A-26D2-68B0-4A7D0A2A8745} = {1AE8ACA6-933B-BF2A-3671-3E2EAC007D16}
		{836617D3-6E97-461F-9D91-2480F91F80A2} = {0F9113EE-888A-26D2-68B0-4A7D0A2A8745}
		{1A0D3B61-2DD4-48C6-9C7A-752CA0C0B7A3} = {0F9113EE-888A-26D2-68B0-4A7D0A2A8745}
		{18A72755-3B2B-460C-A6F7-27AA3FFA8E45} = {0F9113EE-888A-26D2-68B0-4A7D0A2A8745}
		{DE02D9DD-2FAE-4806-8FEB-3D2F9FB9A119} = {0F9113EE-888A-26D2-68B0-4A7D0A2A8745}
		{F57642F3-C37C-D174-720E-6A6AAD5BEE22} = {1AE8ACA6-933B-BF2A-3671-3E2EAC007D16}
		{4C22306D-C586-4CB3-9FD2-2784D402BE14} = {F57642F3-C37C-D174-720E-6A6AAD5BEE22}
		{6F4DE561-0407-4C09-A959-AA61AAB1D101} = {F57642F3-C37C-D174-720E-6A6AAD5BEE22}
		{3660389B-7185-4595-8D68-F7296273B609} = {F57642F3-C37C-D174-720E-6A6AAD5BEE22}
	EndGlobalSection
EndGlobal
